
Microsoft Visual Studio Solution File, Format Version 12.00
# Visual Studio Version 17
VisualStudioVersion = 17.12.35323.107
MinimumVisualStudioVersion = 10.0.40219.1
Project("{FAE04EC0-301F-11D3-BF4B-00C04F79EFBC}") = "Plex.NaturalStringOrdering", "Plex.NaturalStringOrdering/Plex.NaturalStringOrdering.csproj", "{1ED4495C-FD5A-4B9F-AB0E-DB8DB7DD705C}"
EndProject
Global
	GlobalSection(SolutionConfigurationPlatforms) = preSolution
		Debug|Any CPU = Debug|Any CPU
		Release|Any CPU = Release|Any CPU
	EndGlobalSection
	GlobalSection(ProjectConfigurationPlatforms) = postSolution
		{1ED4495C-FD5A-4B9F-AB0E-DB8DB7DD705C}.Debug|Any CPU.ActiveCfg = Debug|Any CPU
		{1ED4495C-FD5A-4B9F-AB0E-DB8DB7DD705C}.Debug|Any CPU.Build.0 = Debug|Any CPU
		{1ED4495C-FD5A-4B9F-AB0E-DB8DB7DD705C}.Release|Any CPU.ActiveCfg = Release|Any CPU
		{1ED4495C-FD5A-4B9F-AB0E-DB8DB7DD705C}.Release|Any CPU.Build.0 = Release|Any CPU
	EndGlobalSection
	GlobalSection(SolutionProperties) = preSolution
		HideSolutionNode = FALSE
	EndGlobalSection
	GlobalSection(ExtensibilityGlobals) = postSolution
		SolutionGuid = {DFE88FB5-74E5-41B2-A089-5FCA130DAA7E}
	EndGlobalSection
EndGlobal
